// !$*UTF8*$!
{
	archiveVersion = 1;
	classes = {
	};
	objectVersion = 50;
	objects = {

/* Begin PBXBuildFile section */
		214D7340229091D9004F6EC1 /* FlickerCollectionViewCell.xib in Resources */ = {isa = PBXBuildFile; fileRef = 214D733F229091D9004F6EC1 /* FlickerCollectionViewCell.xib */; };
		214D734222914E93004F6EC1 /* DetailViewController.swift in Sources */ = {isa = PBXBuildFile; fileRef = 214D734122914E93004F6EC1 /* DetailViewController.swift */; };
		218289F3228DC496007BE045 /* AppDelegate.swift in Sources */ = {isa = PBXBuildFile; fileRef = 218289F2228DC496007BE045 /* AppDelegate.swift */; };
		218289F5228DC496007BE045 /* ViewController.swift in Sources */ = {isa = PBXBuildFile; fileRef = 218289F4228DC496007BE045 /* ViewController.swift */; };
		218289F8228DC496007BE045 /* Main.storyboard in Resources */ = {isa = PBXBuildFile; fileRef = 218289F6228DC496007BE045 /* Main.storyboard */; };
		218289FB228DC496007BE045 /* FlickerSearchApp.xcdatamodeld in Sources */ = {isa = PBXBuildFile; fileRef = 218289F9228DC496007BE045 /* FlickerSearchApp.xcdatamodeld */; };
		218289FD228DC499007BE045 /* Assets.xcassets in Resources */ = {isa = PBXBuildFile; fileRef = 218289FC228DC499007BE045 /* Assets.xcassets */; };
		21828A00228DC499007BE045 /* LaunchScreen.storyboard in Resources */ = {isa = PBXBuildFile; fileRef = 218289FE228DC499007BE045 /* LaunchScreen.storyboard */; };
		21828A08228DD0A9007BE045 /* FlickerSearchViewModel.swift in Sources */ = {isa = PBXBuildFile; fileRef = 21828A07228DD0A9007BE045 /* FlickerSearchViewModel.swift */; };
		21828A0A228DD1C8007BE045 /* FlickerClient.swift in Sources */ = {isa = PBXBuildFile; fileRef = 21828A09228DD1C8007BE045 /* FlickerClient.swift */; };
		21828A0C228DD2F1007BE045 /* FlickerPhotoData.swift in Sources */ = {isa = PBXBuildFile; fileRef = 21828A0B228DD2F1007BE045 /* FlickerPhotoData.swift */; };
		21828A0F228DD455007BE045 /* FlickerCollectionViewCell.swift in Sources */ = {isa = PBXBuildFile; fileRef = 21828A0E228DD455007BE045 /* FlickerCollectionViewCell.swift */; };
		21F4CAE52293072A00F73F90 /* PhotoZoomViewController.swift in Sources */ = {isa = PBXBuildFile; fileRef = 21F4CAE42293072A00F73F90 /* PhotoZoomViewController.swift */; };
		21F4CAE72293086800F73F90 /* Animator.swift in Sources */ = {isa = PBXBuildFile; fileRef = 21F4CAE62293086800F73F90 /* Animator.swift */; };
		21F4CAEB229308B300F73F90 /* TransitionController.swift in Sources */ = {isa = PBXBuildFile; fileRef = 21F4CAEA229308B300F73F90 /* TransitionController.swift */; };
/* End PBXBuildFile section */

/* Begin PBXFileReference section */
		214D733F229091D9004F6EC1 /* FlickerCollectionViewCell.xib */ = {isa = PBXFileReference; lastKnownFileType = file.xib; path = FlickerCollectionViewCell.xib; sourceTree = "<group>"; };
		214D734122914E93004F6EC1 /* DetailViewController.swift */ = {isa = PBXFileReference; lastKnownFileType = sourcecode.swift; path = DetailViewController.swift; sourceTree = "<group>"; };
		218289EF228DC496007BE045 /* FlickerSearchApp.app */ = {isa = PBXFileReference; explicitFileType = wrapper.application; includeInIndex = 0; path = FlickerSearchApp.app; sourceTree = BUILT_PRODUCTS_DIR; };
		218289F2228DC496007BE045 /* AppDelegate.swift */ = {isa = PBXFileReference; lastKnownFileType = sourcecode.swift; path = AppDelegate.swift; sourceTree = "<group>"; };
		218289F4228DC496007BE045 /* ViewController.swift */ = {isa = PBXFileReference; lastKnownFileType = sourcecode.swift; path = ViewController.swift; sourceTree = "<group>"; };
		218289F7228DC496007BE045 /* Base */ = {isa = PBXFileReference; lastKnownFileType = file.storyboard; name = Base; path = Base.lproj/Main.storyboard; sourceTree = "<group>"; };
		218289FA228DC496007BE045 /* FlickerSearchApp.xcdatamodel */ = {isa = PBXFileReference; lastKnownFileType = wrapper.xcdatamodel; path = FlickerSearchApp.xcdatamodel; sourceTree = "<group>"; };
		218289FC228DC499007BE045 /* Assets.xcassets */ = {isa = PBXFileReference; lastKnownFileType = folder.assetcatalog; path = Assets.xcassets; sourceTree = "<group>"; };
		218289FF228DC499007BE045 /* Base */ = {isa = PBXFileReference; lastKnownFileType = file.storyboard; name = Base; path = Base.lproj/LaunchScreen.storyboard; sourceTree = "<group>"; };
		21828A01228DC499007BE045 /* Info.plist */ = {isa = PBXFileReference; lastKnownFileType = text.plist.xml; path = Info.plist; sourceTree = "<group>"; };
		21828A07228DD0A9007BE045 /* FlickerSearchViewModel.swift */ = {isa = PBXFileReference; lastKnownFileType = sourcecode.swift; path = FlickerSearchViewModel.swift; sourceTree = "<group>"; };
		21828A09228DD1C8007BE045 /* FlickerClient.swift */ = {isa = PBXFileReference; lastKnownFileType = sourcecode.swift; path = FlickerClient.swift; sourceTree = "<group>"; };
		21828A0B228DD2F1007BE045 /* FlickerPhotoData.swift */ = {isa = PBXFileReference; lastKnownFileType = sourcecode.swift; path = FlickerPhotoData.swift; sourceTree = "<group>"; };
		21828A0E228DD455007BE045 /* FlickerCollectionViewCell.swift */ = {isa = PBXFileReference; lastKnownFileType = sourcecode.swift; path = FlickerCollectionViewCell.swift; sourceTree = "<group>"; };
		21F4CAE42293072A00F73F90 /* PhotoZoomViewController.swift */ = {isa = PBXFileReference; lastKnownFileType = sourcecode.swift; path = PhotoZoomViewController.swift; sourceTree = "<group>"; };
		21F4CAE62293086800F73F90 /* Animator.swift */ = {isa = PBXFileReference; lastKnownFileType = sourcecode.swift; path = Animator.swift; sourceTree = "<group>"; };
		21F4CAEA229308B300F73F90 /* TransitionController.swift */ = {isa = PBXFileReference; lastKnownFileType = sourcecode.swift; path = TransitionController.swift; sourceTree = "<group>"; };
/* End PBXFileReference section */

/* Begin PBXFrameworksBuildPhase section */
		218289EC228DC496007BE045 /* Frameworks */ = {
			isa = PBXFrameworksBuildPhase;
			buildActionMask = 2147483647;
			files = (
			);
			runOnlyForDeploymentPostprocessing = 0;
		};
/* End PBXFrameworksBuildPhase section */

/* Begin PBXGroup section */
		218289E6228DC496007BE045 = {
			isa = PBXGroup;
			children = (
				218289F1228DC496007BE045 /* FlickerSearchApp */,
				218289F0228DC496007BE045 /* Products */,
			);
			sourceTree = "<group>";
		};
		218289F0228DC496007BE045 /* Products */ = {
			isa = PBXGroup;
			children = (
				218289EF228DC496007BE045 /* FlickerSearchApp.app */,
			);
			name = Products;
			sourceTree = "<group>";
		};
		218289F1228DC496007BE045 /* FlickerSearchApp */ = {
			isa = PBXGroup;
			children = (
				21F4CAE32292F9E200F73F90 /* Animations */,
				21828A12228DD5BA007BE045 /* NetworkAPI */,
				21828A11228DD5A8007BE045 /* ViewModel */,
				21828A10228DD581007BE045 /* Data */,
				21828A0D228DD439007BE045 /* ViewController */,
				218289F2228DC496007BE045 /* AppDelegate.swift */,
				218289F6228DC496007BE045 /* Main.storyboard */,
				218289FC228DC499007BE045 /* Assets.xcassets */,
				218289FE228DC499007BE045 /* LaunchScreen.storyboard */,
				21828A01228DC499007BE045 /* Info.plist */,
				218289F9228DC496007BE045 /* FlickerSearchApp.xcdatamodeld */,
				214D733F229091D9004F6EC1 /* FlickerCollectionViewCell.xib */,
			);
			path = FlickerSearchApp;
			sourceTree = "<group>";
		};
		21828A0D228DD439007BE045 /* ViewController */ = {
			isa = PBXGroup;
			children = (
				218289F4228DC496007BE045 /* ViewController.swift */,
				21828A0E228DD455007BE045 /* FlickerCollectionViewCell.swift */,
				214D734122914E93004F6EC1 /* DetailViewController.swift */,
				21F4CAE42293072A00F73F90 /* PhotoZoomViewController.swift */,
			);
			path = ViewController;
			sourceTree = "<group>";
		};
		21828A10228DD581007BE045 /* Data */ = {
			isa = PBXGroup;
			children = (
				21828A0B228DD2F1007BE045 /* FlickerPhotoData.swift */,
			);
			path = Data;
			sourceTree = "<group>";
		};
		21828A11228DD5A8007BE045 /* ViewModel */ = {
			isa = PBXGroup;
			children = (
				21828A07228DD0A9007BE045 /* FlickerSearchViewModel.swift */,
			);
			path = ViewModel;
			sourceTree = "<group>";
		};
		21828A12228DD5BA007BE045 /* NetworkAPI */ = {
			isa = PBXGroup;
			children = (
				21828A09228DD1C8007BE045 /* FlickerClient.swift */,
			);
			path = NetworkAPI;
			sourceTree = "<group>";
		};
		21F4CAE32292F9E200F73F90 /* Animations */ = {
			isa = PBXGroup;
			children = (
				21F4CAE62293086800F73F90 /* Animator.swift */,
				21F4CAEA229308B300F73F90 /* TransitionController.swift */,
			);
			path = Animations;
			sourceTree = "<group>";
		};
/* End PBXGroup section */

/* Begin PBXNativeTarget section */
		218289EE228DC496007BE045 /* FlickerSearchApp */ = {
			isa = PBXNativeTarget;
			buildConfigurationList = 21828A04228DC499007BE045 /* Build configuration list for PBXNativeTarget "FlickerSearchApp" */;
			buildPhases = (
				218289EB228DC496007BE045 /* Sources */,
				218289EC228DC496007BE045 /* Frameworks */,
				218289ED228DC496007BE045 /* Resources */,
			);
			buildRules = (
			);
			dependencies = (
			);
			name = FlickerSearchApp;
			productName = FlickerSearchApp;
			productReference = 218289EF228DC496007BE045 /* FlickerSearchApp.app */;
			productType = "com.apple.product-type.application";
		};
/* End PBXNativeTarget section */

/* Begin PBXProject section */
		218289E7228DC496007BE045 /* Project object */ = {
			isa = PBXProject;
			attributes = {
				LastSwiftUpdateCheck = 1020;
				LastUpgradeCheck = 1020;
				ORGANIZATIONNAME = santosh104;
				TargetAttributes = {
					218289EE228DC496007BE045 = {
						CreatedOnToolsVersion = 10.2.1;
					};
				};
			};
			buildConfigurationList = 218289EA228DC496007BE045 /* Build configuration list for PBXProject "FlickerSearchApp" */;
			compatibilityVersion = "Xcode 9.3";
			developmentRegion = en;
			hasScannedForEncodings = 0;
			knownRegions = (
				en,
				Base,
			);
			mainGroup = 218289E6228DC496007BE045;
			productRefGroup = 218289F0228DC496007BE045 /* Products */;
			projectDirPath = "";
			projectRoot = "";
			targets = (
				218289EE228DC496007BE045 /* FlickerSearchApp */,
			);
		};
/* End PBXProject section */

/* Begin PBXResourcesBuildPhase section */
		218289ED228DC496007BE045 /* Resources */ = {
			isa = PBXResourcesBuildPhase;
			buildActionMask = 2147483647;
			files = (
				21828A00228DC499007BE045 /* LaunchScreen.storyboard in Resources */,
				218289FD228DC499007BE045 /* Assets.xcassets in Resources */,
				214D7340229091D9004F6EC1 /* FlickerCollectionViewCell.xib in Resources */,
				218289F8228DC496007BE045 /* Main.storyboard in Resources */,
			);
			runOnlyForDeploymentPostprocessing = 0;
		};
/* End PBXResourcesBuildPhase section */

/* Begin PBXSourcesBuildPhase section */
		218289EB228DC496007BE045 /* Sources */ = {
			isa = PBXSourcesBuildPhase;
			buildActionMask = 2147483647;
			files = (
				21828A0A228DD1C8007BE045 /* FlickerClient.swift in Sources */,
				21F4CAEB229308B300F73F90 /* TransitionController.swift in Sources */,
				218289FB228DC496007BE045 /* FlickerSearchApp.xcdatamodeld in Sources */,
				21F4CAE52293072A00F73F90 /* PhotoZoomViewController.swift in Sources */,
				21F4CAE72293086800F73F90 /* Animator.swift in Sources */,
				21828A08228DD0A9007BE045 /* FlickerSearchViewModel.swift in Sources */,
				21828A0F228DD455007BE045 /* FlickerCollectionViewCell.swift in Sources */,
				21828A0C228DD2F1007BE045 /* FlickerPhotoData.swift in Sources */,
				218289F5228DC496007BE045 /* ViewController.swift in Sources */,
				218289F3228DC496007BE045 /* AppDelegate.swift in Sources */,
				214D734222914E93004F6EC1 /* DetailViewController.swift in Sources */,
			);
			runOnlyForDeploymentPostprocessing = 0;
		};
/* End PBXSourcesBuildPhase section */

/* Begin PBXVariantGroup section */
		218289F6228DC496007BE045 /* Main.storyboard */ = {
			isa = PBXVariantGroup;
			children = (
				218289F7228DC496007BE045 /* Base */,
			);
			name = Main.storyboard;
			sourceTree = "<group>";
		};
		218289FE228DC499007BE045 /* LaunchScreen.storyboard */ = {
			isa = PBXVariantGroup;
			children = (
				218289FF228DC499007BE045 /* Base */,
			);
			name = LaunchScreen.storyboard;
			sourceTree = "<group>";
		};
/* End PBXVariantGroup section */

/* Begin XCBuildConfiguration section */
		21828A02228DC499007BE045 /* Debug */ = {
			isa = XCBuildConfiguration;
			buildSettings = {
				ALWAYS_SEARCH_USER_PATHS = NO;
				CLANG_ANALYZER_NONNULL = YES;
				CLANG_ANALYZER_NUMBER_OBJECT_CONVERSION = YES_AGGRESSIVE;
				CLANG_CXX_LANGUAGE_STANDARD = "gnu++14";
				CLANG_CXX_LIBRARY = "libc++";
				CLANG_ENABLE_MODULES = YES;
				CLANG_ENABLE_OBJC_ARC = YES;
				CLANG_ENABLE_OBJC_WEAK = YES;
				CLANG_WARN_BLOCK_CAPTURE_AUTORELEASING = YES;
				CLANG_WARN_BOOL_CONVERSION = YES;
				CLANG_WARN_COMMA = YES;
				CLANG_WARN_CONSTANT_CONVERSION = YES;
				CLANG_WARN_DEPRECATED_OBJC_IMPLEMENTATIONS = YES;
				CLANG_WARN_DIRECT_OBJC_ISA_USAGE = YES_ERROR;
				CLANG_WARN_DOCUMENTATION_COMMENTS = YES;
				CLANG_WARN_EMPTY_BODY = YES;
				CLANG_WARN_ENUM_CONVERSION = YES;
				CLANG_WARN_INFINITE_RECURSION = YES;
				CLANG_WARN_INT_CONVERSION = YES;
				CLANG_WARN_NON_LITERAL_NULL_CONVERSION = YES;
				CLANG_WARN_OBJC_IMPLICIT_RETAIN_SELF = YES;
				CLANG_WARN_OBJC_LITERAL_CONVERSION = YES;
				CLANG_WARN_OBJC_ROOT_CLASS = YES_ERROR;
				CLANG_WARN_RANGE_LOOP_ANALYSIS = YES;
				CLANG_WARN_STRICT_PROTOTYPES = YES;
				CLANG_WARN_SUSPICIOUS_MOVE = YES;
				CLANG_WARN_UNGUARDED_AVAILABILITY = YES_AGGRESSIVE;
				CLANG_WARN_UNREACHABLE_CODE = YES;
				CLANG_WARN__DUPLICATE_METHOD_MATCH = YES;
				CODE_SIGN_IDENTITY = "iPhone Developer";
				COPY_PHASE_STRIP = NO;
				DEBUG_INFORMATION_FORMAT = dwarf;
				ENABLE_STRICT_OBJC_MSGSEND = YES;
				ENABLE_TESTABILITY = YES;
				GCC_C_LANGUAGE_STANDARD = gnu11;
				GCC_DYNAMIC_NO_PIC = NO;
				GCC_NO_COMMON_BLOCKS = YES;
				GCC_OPTIMIZATION_LEVEL = 0;
				GCC_PREPROCESSOR_DEFINITIONS = (
					"DEBUG=1",
					"$(inherited)",
				);
				GCC_WARN_64_TO_32_BIT_CONVERSION = YES;
				GCC_WARN_ABOUT_RETURN_TYPE = YES_ERROR;
				GCC_WARN_UNDECLARED_SELECTOR = YES;
				GCC_WARN_UNINITIALIZED_AUTOS = YES_AGGRESSIVE;
				GCC_WARN_UNUSED_FUNCTION = YES;
				GCC_WARN_UNUSED_VARIABLE = YES;
				IPHONEOS_DEPLOYMENT_TARGET = 12.1;
				MTL_ENABLE_DEBUG_INFO = INCLUDE_SOURCE;
				MTL_FAST_MATH = YES;
				ONLY_ACTIVE_ARCH = YES;
				SDKROOT = iphoneos;
				SWIFT_ACTIVE_COMPILATION_CONDITIONS = DEBUG;
				SWIFT_OPTIMIZATION_LEVEL = "-Onone";
				SWIFT_VERSION = 4.2;
			};
			name = Debug;
		};
		21828A03228DC499007BE045 /* Release */ = {
			isa = XCBuildConfiguration;
			buildSettings = {
				ALWAYS_SEARCH_USER_PATHS = NO;
				CLANG_ANALYZER_NONNULL = YES;
				CLANG_ANALYZER_NUMBER_OBJECT_CONVERSION = YES_AGGRESSIVE;
				CLANG_CXX_LANGUAGE_STANDARD = "gnu++14";
				CLANG_CXX_LIBRARY = "libc++";
				CLANG_ENABLE_MODULES = YES;
				CLANG_ENABLE_OBJC_ARC = YES;
				CLANG_ENABLE_OBJC_WEAK = YES;
				CLANG_WARN_BLOCK_CAPTURE_AUTORELEASING = YES;
				CLANG_WARN_BOOL_CONVERSION = YES;
				CLANG_WARN_COMMA = YES;
				CLANG_WARN_CONSTANT_CONVERSION = YES;
				CLANG_WARN_DEPRECATED_OBJC_IMPLEMENTATIONS = YES;
				CLANG_WARN_DIRECT_OBJC_ISA_USAGE = YES_ERROR;
				CLANG_WARN_DOCUMENTATION_COMMENTS = YES;
				CLANG_WARN_EMPTY_BODY = YES;
				CLANG_WARN_ENUM_CONVERSION = YES;
				CLANG_WARN_INFINITE_RECURSION = YES;
				CLANG_WARN_INT_CONVERSION = YES;
				CLANG_WARN_NON_LITERAL_NULL_CONVERSION = YES;
				CLANG_WARN_OBJC_IMPLICIT_RETAIN_SELF = YES;
				CLANG_WARN_OBJC_LITERAL_CONVERSION = YES;
				CLANG_WARN_OBJC_ROOT_CLASS = YES_ERROR;
				CLANG_WARN_RANGE_LOOP_ANALYSIS = YES;
				CLANG_WARN_STRICT_PROTOTYPES = YES;
				CLANG_WARN_SUSPICIOUS_MOVE = YES;
				CLANG_WARN_UNGUARDED_AVAILABILITY = YES_AGGRESSIVE;
				CLANG_WARN_UNREACHABLE_CODE = YES;
				CLANG_WARN__DUPLICATE_METHOD_MATCH = YES;
				CODE_SIGN_IDENTITY = "iPhone Developer";
				COPY_PHASE_STRIP = NO;
				DEBUG_INFORMATION_FORMAT = "dwarf-with-dsym";
				ENABLE_NS_ASSERTIONS = NO;
				ENABLE_STRICT_OBJC_MSGSEND = YES;
				GCC_C_LANGUAGE_STANDARD = gnu11;
				GCC_NO_COMMON_BLOCKS = YES;
				GCC_WARN_64_TO_32_BIT_CONVERSION = YES;
				GCC_WARN_ABOUT_RETURN_TYPE = YES_ERROR;
				GCC_WARN_UNDECLARED_SELECTOR = YES;
				GCC_WARN_UNINITIALIZED_AUTOS = YES_AGGRESSIVE;
				GCC_WARN_UNUSED_FUNCTION = YES;
				GCC_WARN_UNUSED_VARIABLE = YES;
				IPHONEOS_DEPLOYMENT_TARGET = 12.1;
				MTL_ENABLE_DEBUG_INFO = NO;
				MTL_FAST_MATH = YES;
				SDKROOT = iphoneos;
				SWIFT_COMPILATION_MODE = wholemodule;
				SWIFT_OPTIMIZATION_LEVEL = "-O";
				SWIFT_VERSION = 4.2;
				VALIDATE_PRODUCT = YES;
			};
			name = Release;
		};
		21828A05228DC499007BE045 /* Debug */ = {
			isa = XCBuildConfiguration;
			buildSettings = {
				ASSETCATALOG_COMPILER_APPICON_NAME = AppIcon;
				CODE_SIGN_STYLE = Automatic;
				DEVELOPMENT_TEAM = RKUDRP485A;
				INFOPLIST_FILE = FlickerSearchApp/Info.plist;
				LD_RUNPATH_SEARCH_PATHS = (
					"$(inherited)",
					"@executable_path/Frameworks",
				);
				PRODUCT_BUNDLE_IDENTIFIER = com.santosh104.dev.FlickerSearchApp;
				PRODUCT_NAME = "$(TARGET_NAME)";
				SWIFT_VERSION = 4.2;
				TARGETED_DEVICE_FAMILY = "1,2";
			};
			name = Debug;
		};
		21828A06228DC499007BE045 /* Release */ = {
			isa = XCBuildConfiguration;
			buildSettings = {
				ASSETCATALOG_COMPILER_APPICON_NAME = AppIcon;
				CODE_SIGN_STYLE = Automatic;
				DEVELOPMENT_TEAM = RKUDRP485A;
				INFOPLIST_FILE = FlickerSearchApp/Info.plist;
				LD_RUNPATH_SEARCH_PATHS = (
					"$(inherited)",
					"@executable_path/Frameworks",
				);
				PRODUCT_BUNDLE_IDENTIFIER = com.santosh104.dev.FlickerSearchApp;
				PRODUCT_NAME = "$(TARGET_NAME)";
				SWIFT_VERSION = 4.2;
				TARGETED_DEVICE_FAMILY = "1,2";
			};
			name = Release;
		};
/* End XCBuildConfiguration section */

/* Begin XCConfigurationList section */
		218289EA228DC496007BE045 /* Build configuration list for PBXProject "FlickerSearchApp" */ = {
			isa = XCConfigurationList;
			buildConfigurations = (
				21828A02228DC499007BE045 /* Debug */,
				21828A03228DC499007BE045 /* Release */,
			);
			defaultConfigurationIsVisible = 0;
			defaultConfigurationName = Release;
		};
		21828A04228DC499007BE045 /* Build configuration list for PBXNativeTarget "FlickerSearchApp" */ = {
			isa = XCConfigurationList;
			buildConfigurations = (
				21828A05228DC499007BE045 /* Debug */,
				21828A06228DC499007BE045 /* Release */,
			);
			defaultConfigurationIsVisible = 0;
			defaultConfigurationName = Release;
		};
/* End XCConfigurationList section */

/* Begin XCVersionGroup section */
		218289F9228DC496007BE045 /* FlickerSearchApp.xcdatamodeld */ = {
			isa = XCVersionGroup;
			children = (
				218289FA228DC496007BE045 /* FlickerSearchApp.xcdatamodel */,
			);
			currentVersion = 218289FA228DC496007BE045 /* FlickerSearchApp.xcdatamodel */;
			path = FlickerSearchApp.xcdatamodeld;
			sourceTree = "<group>";
			versionGroupType = wrapper.xcdatamodel;
		};
/* End XCVersionGroup section */
	};
	rootObject = 218289E7228DC496007BE045 /* Project object */;
}
